
Microsoft Visual Studio Solution File, Format Version 12.00
# Visual Studio 15
VisualStudioVersion = 15.0.28010.2026
MinimumVisualStudioVersion = 10.0.40219.1
Project("{FAE04EC0-301F-11D3-BF4B-00C04F79EFBC}") = "TestProject1", "TestProject1\TestProject1.csproj", "{DE497C6B-D2C6-417E-AC8A-0DC1820217F3}"
EndProject
Global
	GlobalSection(SolutionConfigurationPlatforms) = preSolution
		Debug|Any CPU = Debug|Any CPU
		Release|Any CPU = Release|Any CPU
	EndGlobalSection
	GlobalSection(ProjectConfigurationPlatforms) = postSolution
		{DE497C6B-D2C6-417E-AC8A-0DC1820217F3}.Debug|Any CPU.ActiveCfg = Debug|Any CPU
		{DE497C6B-D2C6-417E-AC8A-0DC1820217F3}.Debug|Any CPU.Build.0 = Debug|Any CPU
		{DE497C6B-D2C6-417E-AC8A-0DC1820217F3}.Release|Any CPU.ActiveCfg = Release|Any CPU
		{DE497C6B-D2C6-417E-AC8A-0DC1820217F3}.Release|Any CPU.Build.0 = Release|Any CPU
	EndGlobalSection
	GlobalSection(SolutionProperties) = preSolution
		HideSolutionNode = FALSE
	EndGlobalSection
	GlobalSection(ExtensibilityGlobals) = postSolution
		SolutionGuid = {B5810E57-1925-4B8A-A104-7AE7210E88FC}
	EndGlobalSection
EndGlobal
